
Microsoft Visual Studio Solution File, Format Version 12.00
# Visual Studio Version 17
VisualStudioVersion = 17.5.002.0
MinimumVisualStudioVersion = 10.0.40219.1
Project("{9A19103F-16F7-4668-BE54-9A1E7A4F7556}") = "MyNewUmbracoSolution", "MyNewUmbracoSolution\MyNewUmbracoSolution.csproj", "{3F9959AC-3931-489B-9E1E-286E06000F74}"
EndProject
Global
	GlobalSection(SolutionConfigurationPlatforms) = preSolution
		Debug|Any CPU = Debug|Any CPU
		Release|Any CPU = Release|Any CPU
	EndGlobalSection
	GlobalSection(ProjectConfigurationPlatforms) = postSolution
		{3F9959AC-3931-489B-9E1E-286E06000F74}.Debug|Any CPU.ActiveCfg = Debug|Any CPU
		{3F9959AC-3931-489B-9E1E-286E06000F74}.Debug|Any CPU.Build.0 = Debug|Any CPU
		{3F9959AC-3931-489B-9E1E-286E06000F74}.Release|Any CPU.ActiveCfg = Release|Any CPU
		{3F9959AC-3931-489B-9E1E-286E06000F74}.Release|Any CPU.Build.0 = Release|Any CPU
	EndGlobalSection
	GlobalSection(SolutionProperties) = preSolution
		HideSolutionNode = FALSE
	EndGlobalSection
	GlobalSection(ExtensibilityGlobals) = postSolution
		SolutionGuid = {2AE77224-29E8-4432-9621-E83A56FD3081}
	EndGlobalSection
EndGlobal
